
Microsoft Visual Studio Solution File, Format Version 12.00
# Visual Studio Version 17
VisualStudioVersion = 17.9.34714.143
MinimumVisualStudioVersion = 10.0.40219.1
Project("{9A19103F-16F7-4668-BE54-9A1E7A4F7556}") = "ites.Server", "ites.Server\ites.Server.csproj", "{DDA207C7-FC4A-4A14-A6F4-D785D20852FD}"
EndProject
Project("{9A19103F-16F7-4668-BE54-9A1E7A4F7556}") = "ites.Core", "ites.Core\ites.Core.csproj", "{52C24BE1-FD47-40A2-BE25-B420AC0711A9}"
EndProject
Project("{9A19103F-16F7-4668-BE54-9A1E7A4F7556}") = "ites.DataAccess", "ites.DataAccess\ites.DataAccess.csproj", "{8A170D4A-2640-405E-B957-98CACEE38058}"
EndProject
Project("{9A19103F-16F7-4668-BE54-9A1E7A4F7556}") = "ites.Application", "ites.Application\ites.Application.csproj", "{D065AEEE-0117-4C86-81D4-F60EE61869FC}"
EndProject
Project("{9A19103F-16F7-4668-BE54-9A1E7A4F7556}") = "ites.Infastructure", "ites.Infastructure\ites.Infastructure.csproj", "{FB2F0845-C120-4E76-A009-CA066E0E9885}"
EndProject
Project("{E53339B2-1760-4266-BCC7-CA923CBCF16C}") = "docker-compose", "docker-compose.dcproj", "{EC7A29A2-9E01-45CE-A016-B5C2923ACFFE}"
EndProject
Global
	GlobalSection(SolutionConfigurationPlatforms) = preSolution
		Debug|Any CPU = Debug|Any CPU
		Dev|Any CPU = Dev|Any CPU
		Release|Any CPU = Release|Any CPU
	EndGlobalSection
	GlobalSection(ProjectConfigurationPlatforms) = postSolution
		{DDA207C7-FC4A-4A14-A6F4-D785D20852FD}.Debug|Any CPU.ActiveCfg = Debug|Any CPU
		{DDA207C7-FC4A-4A14-A6F4-D785D20852FD}.Debug|Any CPU.Build.0 = Debug|Any CPU
		{DDA207C7-FC4A-4A14-A6F4-D785D20852FD}.Dev|Any CPU.ActiveCfg = Dev|Any CPU
		{DDA207C7-FC4A-4A14-A6F4-D785D20852FD}.Dev|Any CPU.Build.0 = Dev|Any CPU
		{DDA207C7-FC4A-4A14-A6F4-D785D20852FD}.Release|Any CPU.ActiveCfg = Release|Any CPU
		{DDA207C7-FC4A-4A14-A6F4-D785D20852FD}.Release|Any CPU.Build.0 = Release|Any CPU
		{52C24BE1-FD47-40A2-BE25-B420AC0711A9}.Debug|Any CPU.ActiveCfg = Debug|Any CPU
		{52C24BE1-FD47-40A2-BE25-B420AC0711A9}.Debug|Any CPU.Build.0 = Debug|Any CPU
		{52C24BE1-FD47-40A2-BE25-B420AC0711A9}.Dev|Any CPU.ActiveCfg = Dev|Any CPU
		{52C24BE1-FD47-40A2-BE25-B420AC0711A9}.Dev|Any CPU.Build.0 = Dev|Any CPU
		{52C24BE1-FD47-40A2-BE25-B420AC0711A9}.Release|Any CPU.ActiveCfg = Release|Any CPU
		{52C24BE1-FD47-40A2-BE25-B420AC0711A9}.Release|Any CPU.Build.0 = Release|Any CPU
		{8A170D4A-2640-405E-B957-98CACEE38058}.Debug|Any CPU.ActiveCfg = Debug|Any CPU
		{8A170D4A-2640-405E-B957-98CACEE38058}.Debug|Any CPU.Build.0 = Debug|Any CPU
		{8A170D4A-2640-405E-B957-98CACEE38058}.Dev|Any CPU.ActiveCfg = Dev|Any CPU
		{8A170D4A-2640-405E-B957-98CACEE38058}.Dev|Any CPU.Build.0 = Dev|Any CPU
		{8A170D4A-2640-405E-B957-98CACEE38058}.Release|Any CPU.ActiveCfg = Release|Any CPU
		{8A170D4A-2640-405E-B957-98CACEE38058}.Release|Any CPU.Build.0 = Release|Any CPU
		{D065AEEE-0117-4C86-81D4-F60EE61869FC}.Debug|Any CPU.ActiveCfg = Debug|Any CPU
		{D065AEEE-0117-4C86-81D4-F60EE61869FC}.Debug|Any CPU.Build.0 = Debug|Any CPU
		{D065AEEE-0117-4C86-81D4-F60EE61869FC}.Dev|Any CPU.ActiveCfg = Debug|Any CPU
		{D065AEEE-0117-4C86-81D4-F60EE61869FC}.Dev|Any CPU.Build.0 = Debug|Any CPU
		{D065AEEE-0117-4C86-81D4-F60EE61869FC}.Release|Any CPU.ActiveCfg = Release|Any CPU
		{D065AEEE-0117-4C86-81D4-F60EE61869FC}.Release|Any CPU.Build.0 = Release|Any CPU
		{FB2F0845-C120-4E76-A009-CA066E0E9885}.Debug|Any CPU.ActiveCfg = Debug|Any CPU
		{FB2F0845-C120-4E76-A009-CA066E0E9885}.Debug|Any CPU.Build.0 = Debug|Any CPU
		{FB2F0845-C120-4E76-A009-CA066E0E9885}.Dev|Any CPU.ActiveCfg = Debug|Any CPU
		{FB2F0845-C120-4E76-A009-CA066E0E9885}.Dev|Any CPU.Build.0 = Debug|Any CPU
		{FB2F0845-C120-4E76-A009-CA066E0E9885}.Release|Any CPU.ActiveCfg = Release|Any CPU
		{FB2F0845-C120-4E76-A009-CA066E0E9885}.Release|Any CPU.Build.0 = Release|Any CPU
		{EC7A29A2-9E01-45CE-A016-B5C2923ACFFE}.Debug|Any CPU.ActiveCfg = Debug|Any CPU
		{EC7A29A2-9E01-45CE-A016-B5C2923ACFFE}.Debug|Any CPU.Build.0 = Debug|Any CPU
		{EC7A29A2-9E01-45CE-A016-B5C2923ACFFE}.Dev|Any CPU.ActiveCfg = Dev|Any CPU
		{EC7A29A2-9E01-45CE-A016-B5C2923ACFFE}.Dev|Any CPU.Build.0 = Dev|Any CPU
		{EC7A29A2-9E01-45CE-A016-B5C2923ACFFE}.Release|Any CPU.ActiveCfg = Dev|Any CPU
	EndGlobalSection
	GlobalSection(SolutionProperties) = preSolution
		HideSolutionNode = FALSE
	EndGlobalSection
	GlobalSection(ExtensibilityGlobals) = postSolution
		SolutionGuid = {820915F5-D3AD-4B35-9756-D478C56A0F2B}
	EndGlobalSection
EndGlobal
